// !$*UTF8*$!
{
	archiveVersion = 1;
	classes = {
	};
	objectVersion = 55;
	objects = {

/* Begin PBXBuildFile section */
		F7056F05283A96B700A6C841 /* AppDelegate.swift in Sources */ = {isa = PBXBuildFile; fileRef = F7056F04283A96B700A6C841 /* AppDelegate.swift */; };
		F7056F07283A96B700A6C841 /* SceneDelegate.swift in Sources */ = {isa = PBXBuildFile; fileRef = F7056F06283A96B700A6C841 /* SceneDelegate.swift */; };
		F7056F09283A96B700A6C841 /* ViewController.swift in Sources */ = {isa = PBXBuildFile; fileRef = F7056F08283A96B700A6C841 /* ViewController.swift */; };
		F7056F0C283A96B700A6C841 /* Main.storyboard in Resources */ = {isa = PBXBuildFile; fileRef = F7056F0A283A96B700A6C841 /* Main.storyboard */; };
		F7056F0E283A96B800A6C841 /* Assets.xcassets in Resources */ = {isa = PBXBuildFile; fileRef = F7056F0D283A96B800A6C841 /* Assets.xcassets */; };
		F7056F11283A96B800A6C841 /* LaunchScreen.storyboard in Resources */ = {isa = PBXBuildFile; fileRef = F7056F0F283A96B800A6C841 /* LaunchScreen.storyboard */; };
		F7056F1C283A96B900A6C841 /* noondateLiveTests.swift in Sources */ = {isa = PBXBuildFile; fileRef = F7056F1B283A96B900A6C841 /* noondateLiveTests.swift */; };
		F7056F26283A96B900A6C841 /* noondateLiveUITests.swift in Sources */ = {isa = PBXBuildFile; fileRef = F7056F25283A96B900A6C841 /* noondateLiveUITests.swift */; };
		F7056F28283A96B900A6C841 /* noondateLiveUITestsLaunchTests.swift in Sources */ = {isa = PBXBuildFile; fileRef = F7056F27283A96B900A6C841 /* noondateLiveUITestsLaunchTests.swift */; };
/* End PBXBuildFile section */

/* Begin PBXContainerItemProxy section */
		F7056F18283A96B900A6C841 /* PBXContainerItemProxy */ = {
			isa = PBXContainerItemProxy;
			containerPortal = F7056EF9283A96B700A6C841 /* Project object */;
			proxyType = 1;
			remoteGlobalIDString = F7056F00283A96B700A6C841;
			remoteInfo = noondateLive;
		};
		F7056F22283A96B900A6C841 /* PBXContainerItemProxy */ = {
			isa = PBXContainerItemProxy;
			containerPortal = F7056EF9283A96B700A6C841 /* Project object */;
			proxyType = 1;
			remoteGlobalIDString = F7056F00283A96B700A6C841;
			remoteInfo = noondateLive;
		};
/* End PBXContainerItemProxy section */

/* Begin PBXFileReference section */
		F7056F01283A96B700A6C841 /* noondateLive.app */ = {isa = PBXFileReference; explicitFileType = wrapper.application; includeInIndex = 0; path = noondateLive.app; sourceTree = BUILT_PRODUCTS_DIR; };
		F7056F04283A96B700A6C841 /* AppDelegate.swift */ = {isa = PBXFileReference; lastKnownFileType = sourcecode.swift; path = AppDelegate.swift; sourceTree = "<group>"; };
		F7056F06283A96B700A6C841 /* SceneDelegate.swift */ = {isa = PBXFileReference; lastKnownFileType = sourcecode.swift; path = SceneDelegate.swift; sourceTree = "<group>"; };
		F7056F08283A96B700A6C841 /* ViewController.swift */ = {isa = PBXFileReference; lastKnownFileType = sourcecode.swift; path = ViewController.swift; sourceTree = "<group>"; };
		F7056F0B283A96B700A6C841 /* Base */ = {isa = PBXFileReference; lastKnownFileType = file.storyboard; name = Base; path = Base.lproj/Main.storyboard; sourceTree = "<group>"; };
		F7056F0D283A96B800A6C841 /* Assets.xcassets */ = {isa = PBXFileReference; lastKnownFileType = folder.assetcatalog; path = Assets.xcassets; sourceTree = "<group>"; };
		F7056F10283A96B800A6C841 /* Base */ = {isa = PBXFileReference; lastKnownFileType = file.storyboard; name = Base; path = Base.lproj/LaunchScreen.storyboard; sourceTree = "<group>"; };
		F7056F12283A96B800A6C841 /* Info.plist */ = {isa = PBXFileReference; lastKnownFileType = text.plist.xml; path = Info.plist; sourceTree = "<group>"; };
		F7056F17283A96B900A6C841 /* noondateLiveTests.xctest */ = {isa = PBXFileReference; explicitFileType = wrapper.cfbundle; includeInIndex = 0; path = noondateLiveTests.xctest; sourceTree = BUILT_PRODUCTS_DIR; };
		F7056F1B283A96B900A6C841 /* noondateLiveTests.swift */ = {isa = PBXFileReference; lastKnownFileType = sourcecode.swift; path = noondateLiveTests.swift; sourceTree = "<group>"; };
		F7056F21283A96B900A6C841 /* noondateLiveUITests.xctest */ = {isa = PBXFileReference; explicitFileType = wrapper.cfbundle; includeInIndex = 0; path = noondateLiveUITests.xctest; sourceTree = BUILT_PRODUCTS_DIR; };
		F7056F25283A96B900A6C841 /* noondateLiveUITests.swift */ = {isa = PBXFileReference; lastKnownFileType = sourcecode.swift; path = noondateLiveUITests.swift; sourceTree = "<group>"; };
		F7056F27283A96B900A6C841 /* noondateLiveUITestsLaunchTests.swift */ = {isa = PBXFileReference; lastKnownFileType = sourcecode.swift; path = noondateLiveUITestsLaunchTests.swift; sourceTree = "<group>"; };
/* End PBXFileReference section */

/* Begin PBXFrameworksBuildPhase section */
		F7056EFE283A96B700A6C841 /* Frameworks */ = {
			isa = PBXFrameworksBuildPhase;
			buildActionMask = 2147483647;
			files = (
			);
			runOnlyForDeploymentPostprocessing = 0;
		};
		F7056F14283A96B900A6C841 /* Frameworks */ = {
			isa = PBXFrameworksBuildPhase;
			buildActionMask = 2147483647;
			files = (
			);
			runOnlyForDeploymentPostprocessing = 0;
		};
		F7056F1E283A96B900A6C841 /* Frameworks */ = {
			isa = PBXFrameworksBuildPhase;
			buildActionMask = 2147483647;
			files = (
			);
			runOnlyForDeploymentPostprocessing = 0;
		};
/* End PBXFrameworksBuildPhase section */

/* Begin PBXGroup section */
		F7056EF8283A96B700A6C841 = {
			isa = PBXGroup;
			children = (
				F7056F03283A96B700A6C841 /* noondateLive */,
				F7056F1A283A96B900A6C841 /* noondateLiveTests */,
				F7056F24283A96B900A6C841 /* noondateLiveUITests */,
				F7056F02283A96B700A6C841 /* Products */,
			);
			sourceTree = "<group>";
		};
		F7056F02283A96B700A6C841 /* Products */ = {
			isa = PBXGroup;
			children = (
				F7056F01283A96B700A6C841 /* noondateLive.app */,
				F7056F17283A96B900A6C841 /* noondateLiveTests.xctest */,
				F7056F21283A96B900A6C841 /* noondateLiveUITests.xctest */,
			);
			name = Products;
			sourceTree = "<group>";
		};
		F7056F03283A96B700A6C841 /* noondateLive */ = {
			isa = PBXGroup;
			children = (
				F7056F04283A96B700A6C841 /* AppDelegate.swift */,
				F7056F06283A96B700A6C841 /* SceneDelegate.swift */,
				F7056F08283A96B700A6C841 /* ViewController.swift */,
				F7056F0A283A96B700A6C841 /* Main.storyboard */,
				F7056F0D283A96B800A6C841 /* Assets.xcassets */,
				F7056F0F283A96B800A6C841 /* LaunchScreen.storyboard */,
				F7056F12283A96B800A6C841 /* Info.plist */,
			);
			path = noondateLive;
			sourceTree = "<group>";
		};
		F7056F1A283A96B900A6C841 /* noondateLiveTests */ = {
			isa = PBXGroup;
			children = (
				F7056F1B283A96B900A6C841 /* noondateLiveTests.swift */,
			);
			path = noondateLiveTests;
			sourceTree = "<group>";
		};
		F7056F24283A96B900A6C841 /* noondateLiveUITests */ = {
			isa = PBXGroup;
			children = (
				F7056F25283A96B900A6C841 /* noondateLiveUITests.swift */,
				F7056F27283A96B900A6C841 /* noondateLiveUITestsLaunchTests.swift */,
			);
			path = noondateLiveUITests;
			sourceTree = "<group>";
		};
/* End PBXGroup section */

/* Begin PBXNativeTarget section */
		F7056F00283A96B700A6C841 /* noondateLive */ = {
			isa = PBXNativeTarget;
			buildConfigurationList = F7056F2B283A96B900A6C841 /* Build configuration list for PBXNativeTarget "noondateLive" */;
			buildPhases = (
				F7056EFD283A96B700A6C841 /* Sources */,
				F7056EFE283A96B700A6C841 /* Frameworks */,
				F7056EFF283A96B700A6C841 /* Resources */,
			);
			buildRules = (
			);
			dependencies = (
			);
			name = noondateLive;
			productName = noondateLive;
			productReference = F7056F01283A96B700A6C841 /* noondateLive.app */;
			productType = "com.apple.product-type.application";
		};
		F7056F16283A96B900A6C841 /* noondateLiveTests */ = {
			isa = PBXNativeTarget;
			buildConfigurationList = F7056F2E283A96B900A6C841 /* Build configuration list for PBXNativeTarget "noondateLiveTests" */;
			buildPhases = (
				F7056F13283A96B900A6C841 /* Sources */,
				F7056F14283A96B900A6C841 /* Frameworks */,
				F7056F15283A96B900A6C841 /* Resources */,
			);
			buildRules = (
			);
			dependencies = (
				F7056F19283A96B900A6C841 /* PBXTargetDependency */,
			);
			name = noondateLiveTests;
			productName = noondateLiveTests;
			productReference = F7056F17283A96B900A6C841 /* noondateLiveTests.xctest */;
			productType = "com.apple.product-type.bundle.unit-test";
		};
		F7056F20283A96B900A6C841 /* noondateLiveUITests */ = {
			isa = PBXNativeTarget;
			buildConfigurationList = F7056F31283A96B900A6C841 /* Build configuration list for PBXNativeTarget "noondateLiveUITests" */;
			buildPhases = (
				F7056F1D283A96B900A6C841 /* Sources */,
				F7056F1E283A96B900A6C841 /* Frameworks */,
				F7056F1F283A96B900A6C841 /* Resources */,
			);
			buildRules = (
			);
			dependencies = (
				F7056F23283A96B900A6C841 /* PBXTargetDependency */,
			);
			name = noondateLiveUITests;
			productName = noondateLiveUITests;
			productReference = F7056F21283A96B900A6C841 /* noondateLiveUITests.xctest */;
			productType = "com.apple.product-type.bundle.ui-testing";
		};
/* End PBXNativeTarget section */

/* Begin PBXProject section */
		F7056EF9283A96B700A6C841 /* Project object */ = {
			isa = PBXProject;
			attributes = {
				BuildIndependentTargetsInParallel = 1;
				LastSwiftUpdateCheck = 1340;
				LastUpgradeCheck = 1340;
				TargetAttributes = {
					F7056F00283A96B700A6C841 = {
						CreatedOnToolsVersion = 13.4;
					};
					F7056F16283A96B900A6C841 = {
						CreatedOnToolsVersion = 13.4;
						TestTargetID = F7056F00283A96B700A6C841;
					};
					F7056F20283A96B900A6C841 = {
						CreatedOnToolsVersion = 13.4;
						TestTargetID = F7056F00283A96B700A6C841;
					};
				};
			};
			buildConfigurationList = F7056EFC283A96B700A6C841 /* Build configuration list for PBXProject "noondateLive" */;
			compatibilityVersion = "Xcode 13.0";
			developmentRegion = en;
			hasScannedForEncodings = 0;
			knownRegions = (
				en,
				Base,
			);
			mainGroup = F7056EF8283A96B700A6C841;
			productRefGroup = F7056F02283A96B700A6C841 /* Products */;
			projectDirPath = "";
			projectRoot = "";
			targets = (
				F7056F00283A96B700A6C841 /* noondateLive */,
				F7056F16283A96B900A6C841 /* noondateLiveTests */,
				F7056F20283A96B900A6C841 /* noondateLiveUITests */,
			);
		};
/* End PBXProject section */

/* Begin PBXResourcesBuildPhase section */
		F7056EFF283A96B700A6C841 /* Resources */ = {
			isa = PBXResourcesBuildPhase;
			buildActionMask = 2147483647;
			files = (
				F7056F11283A96B800A6C841 /* LaunchScreen.storyboard in Resources */,
				F7056F0E283A96B800A6C841 /* Assets.xcassets in Resources */,
				F7056F0C283A96B700A6C841 /* Main.storyboard in Resources */,
			);
			runOnlyForDeploymentPostprocessing = 0;
		};
		F7056F15283A96B900A6C841 /* Resources */ = {
			isa = PBXResourcesBuildPhase;
			buildActionMask = 2147483647;
			files = (
			);
			runOnlyForDeploymentPostprocessing = 0;
		};
		F7056F1F283A96B900A6C841 /* Resources */ = {
			isa = PBXResourcesBuildPhase;
			buildActionMask = 2147483647;
			files = (
			);
			runOnlyForDeploymentPostprocessing = 0;
		};
/* End PBXResourcesBuildPhase section */

/* Begin PBXSourcesBuildPhase section */
		F7056EFD283A96B700A6C841 /* Sources */ = {
			isa = PBXSourcesBuildPhase;
			buildActionMask = 2147483647;
			files = (
				F7056F09283A96B700A6C841 /* ViewController.swift in Sources */,
				F7056F05283A96B700A6C841 /* AppDelegate.swift in Sources */,
				F7056F07283A96B700A6C841 /* SceneDelegate.swift in Sources */,
			);
			runOnlyForDeploymentPostprocessing = 0;
		};
		F7056F13283A96B900A6C841 /* Sources */ = {
			isa = PBXSourcesBuildPhase;
			buildActionMask = 2147483647;
			files = (
				F7056F1C283A96B900A6C841 /* noondateLiveTests.swift in Sources */,
			);
			runOnlyForDeploymentPostprocessing = 0;
		};
		F7056F1D283A96B900A6C841 /* Sources */ = {
			isa = PBXSourcesBuildPhase;
			buildActionMask = 2147483647;
			files = (
				F7056F28283A96B900A6C841 /* noondateLiveUITestsLaunchTests.swift in Sources */,
				F7056F26283A96B900A6C841 /* noondateLiveUITests.swift in Sources */,
			);
			runOnlyForDeploymentPostprocessing = 0;
		};
/* End PBXSourcesBuildPhase section */

/* Begin PBXTargetDependency section */
		F7056F19283A96B900A6C841 /* PBXTargetDependency */ = {
			isa = PBXTargetDependency;
			target = F7056F00283A96B700A6C841 /* noondateLive */;
			targetProxy = F7056F18283A96B900A6C841 /* PBXContainerItemProxy */;
		};
		F7056F23283A96B900A6C841 /* PBXTargetDependency */ = {
			isa = PBXTargetDependency;
			target = F7056F00283A96B700A6C841 /* noondateLive */;
			targetProxy = F7056F22283A96B900A6C841 /* PBXContainerItemProxy */;
		};
/* End PBXTargetDependency section */

/* Begin PBXVariantGroup section */
		F7056F0A283A96B700A6C841 /* Main.storyboard */ = {
			isa = PBXVariantGroup;
			children = (
				F7056F0B283A96B700A6C841 /* Base */,
			);
			name = Main.storyboard;
			sourceTree = "<group>";
		};
		F7056F0F283A96B800A6C841 /* LaunchScreen.storyboard */ = {
			isa = PBXVariantGroup;
			children = (
				F7056F10283A96B800A6C841 /* Base */,
			);
			name = LaunchScreen.storyboard;
			sourceTree = "<group>";
		};
/* End PBXVariantGroup section */

/* Begin XCBuildConfiguration section */
		F7056F29283A96B900A6C841 /* Debug */ = {
			isa = XCBuildConfiguration;
			buildSettings = {
				ALWAYS_SEARCH_USER_PATHS = NO;
				CLANG_ANALYZER_NONNULL = YES;
				CLANG_ANALYZER_NUMBER_OBJECT_CONVERSION = YES_AGGRESSIVE;
				CLANG_CXX_LANGUAGE_STANDARD = "gnu++17";
				CLANG_ENABLE_MODULES = YES;
				CLANG_ENABLE_OBJC_ARC = YES;
				CLANG_ENABLE_OBJC_WEAK = YES;
				CLANG_WARN_BLOCK_CAPTURE_AUTORELEASING = YES;
				CLANG_WARN_BOOL_CONVERSION = YES;
				CLANG_WARN_COMMA = YES;
				CLANG_WARN_CONSTANT_CONVERSION = YES;
				CLANG_WARN_DEPRECATED_OBJC_IMPLEMENTATIONS = YES;
				CLANG_WARN_DIRECT_OBJC_ISA_USAGE = YES_ERROR;
				CLANG_WARN_DOCUMENTATION_COMMENTS = YES;
				CLANG_WARN_EMPTY_BODY = YES;
				CLANG_WARN_ENUM_CONVERSION = YES;
				CLANG_WARN_INFINITE_RECURSION = YES;
				CLANG_WARN_INT_CONVERSION = YES;
				CLANG_WARN_NON_LITERAL_NULL_CONVERSION = YES;
				CLANG_WARN_OBJC_IMPLICIT_RETAIN_SELF = YES;
				CLANG_WARN_OBJC_LITERAL_CONVERSION = YES;
				CLANG_WARN_OBJC_ROOT_CLASS = YES_ERROR;
				CLANG_WARN_QUOTED_INCLUDE_IN_FRAMEWORK_HEADER = YES;
				CLANG_WARN_RANGE_LOOP_ANALYSIS = YES;
				CLANG_WARN_STRICT_PROTOTYPES = YES;
				CLANG_WARN_SUSPICIOUS_MOVE = YES;
				CLANG_WARN_UNGUARDED_AVAILABILITY = YES_AGGRESSIVE;
				CLANG_WARN_UNREACHABLE_CODE = YES;
				CLANG_WARN__DUPLICATE_METHOD_MATCH = YES;
				COPY_PHASE_STRIP = NO;
				DEBUG_INFORMATION_FORMAT = dwarf;
				ENABLE_STRICT_OBJC_MSGSEND = YES;
				ENABLE_TESTABILITY = YES;
				GCC_C_LANGUAGE_STANDARD = gnu11;
				GCC_DYNAMIC_NO_PIC = NO;
				GCC_NO_COMMON_BLOCKS = YES;
				GCC_OPTIMIZATION_LEVEL = 0;
				GCC_PREPROCESSOR_DEFINITIONS = (
					"DEBUG=1",
					"$(inherited)",
				);
				GCC_WARN_64_TO_32_BIT_CONVERSION = YES;
				GCC_WARN_ABOUT_RETURN_TYPE = YES_ERROR;
				GCC_WARN_UNDECLARED_SELECTOR = YES;
				GCC_WARN_UNINITIALIZED_AUTOS = YES_AGGRESSIVE;
				GCC_WARN_UNUSED_FUNCTION = YES;
				GCC_WARN_UNUSED_VARIABLE = YES;
				IPHONEOS_DEPLOYMENT_TARGET = 15.5;
				MTL_ENABLE_DEBUG_INFO = INCLUDE_SOURCE;
				MTL_FAST_MATH = YES;
				ONLY_ACTIVE_ARCH = YES;
				SDKROOT = iphoneos;
				SWIFT_ACTIVE_COMPILATION_CONDITIONS = DEBUG;
				SWIFT_OPTIMIZATION_LEVEL = "-Onone";
			};
			name = Debug;
		};
		F7056F2A283A96B900A6C841 /* Release */ = {
			isa = XCBuildConfiguration;
			buildSettings = {
				ALWAYS_SEARCH_USER_PATHS = NO;
				CLANG_ANALYZER_NONNULL = YES;
				CLANG_ANALYZER_NUMBER_OBJECT_CONVERSION = YES_AGGRESSIVE;
				CLANG_CXX_LANGUAGE_STANDARD = "gnu++17";
				CLANG_ENABLE_MODULES = YES;
				CLANG_ENABLE_OBJC_ARC = YES;
				CLANG_ENABLE_OBJC_WEAK = YES;
				CLANG_WARN_BLOCK_CAPTURE_AUTORELEASING = YES;
				CLANG_WARN_BOOL_CONVERSION = YES;
				CLANG_WARN_COMMA = YES;
				CLANG_WARN_CONSTANT_CONVERSION = YES;
				CLANG_WARN_DEPRECATED_OBJC_IMPLEMENTATIONS = YES;
				CLANG_WARN_DIRECT_OBJC_ISA_USAGE = YES_ERROR;
				CLANG_WARN_DOCUMENTATION_COMMENTS = YES;
				CLANG_WARN_EMPTY_BODY = YES;
				CLANG_WARN_ENUM_CONVERSION = YES;
				CLANG_WARN_INFINITE_RECURSION = YES;
				CLANG_WARN_INT_CONVERSION = YES;
				CLANG_WARN_NON_LITERAL_NULL_CONVERSION = YES;
				CLANG_WARN_OBJC_IMPLICIT_RETAIN_SELF = YES;
				CLANG_WARN_OBJC_LITERAL_CONVERSION = YES;
				CLANG_WARN_OBJC_ROOT_CLASS = YES_ERROR;
				CLANG_WARN_QUOTED_INCLUDE_IN_FRAMEWORK_HEADER = YES;
				CLANG_WARN_RANGE_LOOP_ANALYSIS = YES;
				CLANG_WARN_STRICT_PROTOTYPES = YES;
				CLANG_WARN_SUSPICIOUS_MOVE = YES;
				CLANG_WARN_UNGUARDED_AVAILABILITY = YES_AGGRESSIVE;
				CLANG_WARN_UNREACHABLE_CODE = YES;
				CLANG_WARN__DUPLICATE_METHOD_MATCH = YES;
				COPY_PHASE_STRIP = NO;
				DEBUG_INFORMATION_FORMAT = "dwarf-with-dsym";
				ENABLE_NS_ASSERTIONS = NO;
				ENABLE_STRICT_OBJC_MSGSEND = YES;
				GCC_C_LANGUAGE_STANDARD = gnu11;
				GCC_NO_COMMON_BLOCKS = YES;
				GCC_WARN_64_TO_32_BIT_CONVERSION = YES;
				GCC_WARN_ABOUT_RETURN_TYPE = YES_ERROR;
				GCC_WARN_UNDECLARED_SELECTOR = YES;
				GCC_WARN_UNINITIALIZED_AUTOS = YES_AGGRESSIVE;
				GCC_WARN_UNUSED_FUNCTION = YES;
				GCC_WARN_UNUSED_VARIABLE = YES;
				IPHONEOS_DEPLOYMENT_TARGET = 15.5;
				MTL_ENABLE_DEBUG_INFO = NO;
				MTL_FAST_MATH = YES;
				SDKROOT = iphoneos;
				SWIFT_COMPILATION_MODE = wholemodule;
				SWIFT_OPTIMIZATION_LEVEL = "-O";
				VALIDATE_PRODUCT = YES;
			};
			name = Release;
		};
		F7056F2C283A96B900A6C841 /* Debug */ = {
			isa = XCBuildConfiguration;
			buildSettings = {
				ASSETCATALOG_COMPILER_APPICON_NAME = AppIcon;
				ASSETCATALOG_COMPILER_GLOBAL_ACCENT_COLOR_NAME = AccentColor;
				CODE_SIGN_STYLE = Automatic;
				CURRENT_PROJECT_VERSION = 1;
				DEVELOPMENT_TEAM = MZ4538JV6D;
				GENERATE_INFOPLIST_FILE = YES;
				INFOPLIST_FILE = noondateLive/Info.plist;
				INFOPLIST_KEY_UIApplicationSupportsIndirectInputEvents = YES;
				INFOPLIST_KEY_UILaunchStoryboardName = LaunchScreen;
				INFOPLIST_KEY_UIMainStoryboardFile = Main;
				INFOPLIST_KEY_UISupportedInterfaceOrientations_iPad = "UIInterfaceOrientationPortrait UIInterfaceOrientationPortraitUpsideDown UIInterfaceOrientationLandscapeLeft UIInterfaceOrientationLandscapeRight";
				INFOPLIST_KEY_UISupportedInterfaceOrientations_iPhone = "UIInterfaceOrientationPortrait UIInterfaceOrientationLandscapeLeft UIInterfaceOrientationLandscapeRight";
				LD_RUNPATH_SEARCH_PATHS = (
					"$(inherited)",
					"@executable_path/Frameworks",
				);
				MARKETING_VERSION = 1.0;
				PRODUCT_BUNDLE_IDENTIFIER = com.test.test.noondateLive;
				PRODUCT_NAME = "$(TARGET_NAME)";
				SWIFT_EMIT_LOC_STRINGS = YES;
				SWIFT_VERSION = 5.0;
				TARGETED_DEVICE_FAMILY = "1,2";
			};
			name = Debug;
		};
		F7056F2D283A96B900A6C841 /* Release */ = {
			isa = XCBuildConfiguration;
			buildSettings = {
				ASSETCATALOG_COMPILER_APPICON_NAME = AppIcon;
				ASSETCATALOG_COMPILER_GLOBAL_ACCENT_COLOR_NAME = AccentColor;
				CODE_SIGN_STYLE = Automatic;
				CURRENT_PROJECT_VERSION = 1;
				DEVELOPMENT_TEAM = MZ4538JV6D;
				GENERATE_INFOPLIST_FILE = YES;
				INFOPLIST_FILE = noondateLive/Info.plist;
				INFOPLIST_KEY_UIApplicationSupportsIndirectInputEvents = YES;
				INFOPLIST_KEY_UILaunchStoryboardName = LaunchScreen;
				INFOPLIST_KEY_UIMainStoryboardFile = Main;
				INFOPLIST_KEY_UISupportedInterfaceOrientations_iPad = "UIInterfaceOrientationPortrait UIInterfaceOrientationPortraitUpsideDown UIInterfaceOrientationLandscapeLeft UIInterfaceOrientationLandscapeRight";
				INFOPLIST_KEY_UISupportedInterfaceOrientations_iPhone = "UIInterfaceOrientationPortrait UIInterfaceOrientationLandscapeLeft UIInterfaceOrientationLandscapeRight";
				LD_RUNPATH_SEARCH_PATHS = (
					"$(inherited)",
					"@executable_path/Frameworks",
				);
				MARKETING_VERSION = 1.0;
				PRODUCT_BUNDLE_IDENTIFIER = com.test.test.noondateLive;
				PRODUCT_NAME = "$(TARGET_NAME)";
				SWIFT_EMIT_LOC_STRINGS = YES;
				SWIFT_VERSION = 5.0;
				TARGETED_DEVICE_FAMILY = "1,2";
			};
			name = Release;
		};
		F7056F2F283A96B900A6C841 /* Debug */ = {
			isa = XCBuildConfiguration;
			buildSettings = {
				ALWAYS_EMBED_SWIFT_STANDARD_LIBRARIES = YES;
				BUNDLE_LOADER = "$(TEST_HOST)";
				CODE_SIGN_STYLE = Automatic;
				CURRENT_PROJECT_VERSION = 1;
				DEVELOPMENT_TEAM = MZ4538JV6D;
				GENERATE_INFOPLIST_FILE = YES;
				IPHONEOS_DEPLOYMENT_TARGET = 15.5;
				MARKETING_VERSION = 1.0;
				PRODUCT_BUNDLE_IDENTIFIER = com.test.test.noondateLiveTests;
				PRODUCT_NAME = "$(TARGET_NAME)";
				SWIFT_EMIT_LOC_STRINGS = NO;
				SWIFT_VERSION = 5.0;
				TARGETED_DEVICE_FAMILY = "1,2";
				TEST_HOST = "$(BUILT_PRODUCTS_DIR)/noondateLive.app/noondateLive";
			};
			name = Debug;
		};
		F7056F30283A96B900A6C841 /* Release */ = {
			isa = XCBuildConfiguration;
			buildSettings = {
				ALWAYS_EMBED_SWIFT_STANDARD_LIBRARIES = YES;
				BUNDLE_LOADER = "$(TEST_HOST)";
				CODE_SIGN_STYLE = Automatic;
				CURRENT_PROJECT_VERSION = 1;
				DEVELOPMENT_TEAM = MZ4538JV6D;
				GENERATE_INFOPLIST_FILE = YES;
				IPHONEOS_DEPLOYMENT_TARGET = 15.5;
				MARKETING_VERSION = 1.0;
				PRODUCT_BUNDLE_IDENTIFIER = com.test.test.noondateLiveTests;
				PRODUCT_NAME = "$(TARGET_NAME)";
				SWIFT_EMIT_LOC_STRINGS = NO;
				SWIFT_VERSION = 5.0;
				TARGETED_DEVICE_FAMILY = "1,2";
				TEST_HOST = "$(BUILT_PRODUCTS_DIR)/noondateLive.app/noondateLive";
			};
			name = Release;
		};
		F7056F32283A96B900A6C841 /* Debug */ = {
			isa = XCBuildConfiguration;
			buildSettings = {
				ALWAYS_EMBED_SWIFT_STANDARD_LIBRARIES = YES;
				CODE_SIGN_STYLE = Automatic;
				CURRENT_PROJECT_VERSION = 1;
				DEVELOPMENT_TEAM = MZ4538JV6D;
				GENERATE_INFOPLIST_FILE = YES;
				MARKETING_VERSION = 1.0;
				PRODUCT_BUNDLE_IDENTIFIER = com.test.test.noondateLiveUITests;
				PRODUCT_NAME = "$(TARGET_NAME)";
				SWIFT_EMIT_LOC_STRINGS = NO;
				SWIFT_VERSION = 5.0;
				TARGETED_DEVICE_FAMILY = "1,2";
				TEST_TARGET_NAME = noondateLive;
			};
			name = Debug;
		};
		F7056F33283A96B900A6C841 /* Release */ = {
			isa = XCBuildConfiguration;
			buildSettings = {
				ALWAYS_EMBED_SWIFT_STANDARD_LIBRARIES = YES;
				CODE_SIGN_STYLE = Automatic;
				CURRENT_PROJECT_VERSION = 1;
				DEVELOPMENT_TEAM = MZ4538JV6D;
				GENERATE_INFOPLIST_FILE = YES;
				MARKETING_VERSION = 1.0;
				PRODUCT_BUNDLE_IDENTIFIER = com.test.test.noondateLiveUITests;
				PRODUCT_NAME = "$(TARGET_NAME)";
				SWIFT_EMIT_LOC_STRINGS = NO;
				SWIFT_VERSION = 5.0;
				TARGETED_DEVICE_FAMILY = "1,2";
				TEST_TARGET_NAME = noondateLive;
			};
			name = Release;
		};
/* End XCBuildConfiguration section */

/* Begin XCConfigurationList section */
		F7056EFC283A96B700A6C841 /* Build configuration list for PBXProject "noondateLive" */ = {
			isa = XCConfigurationList;
			buildConfigurations = (
				F7056F29283A96B900A6C841 /* Debug */,
				F7056F2A283A96B900A6C841 /* Release */,
			);
			defaultConfigurationIsVisible = 0;
			defaultConfigurationName = Release;
		};
		F7056F2B283A96B900A6C841 /* Build configuration list for PBXNativeTarget "noondateLive" */ = {
			isa = XCConfigurationList;
			buildConfigurations = (
				F7056F2C283A96B900A6C841 /* Debug */,
				F7056F2D283A96B900A6C841 /* Release */,
			);
			defaultConfigurationIsVisible = 0;
			defaultConfigurationName = Release;
		};
		F7056F2E283A96B900A6C841 /* Build configuration list for PBXNativeTarget "noondateLiveTests" */ = {
			isa = XCConfigurationList;
			buildConfigurations = (
				F7056F2F283A96B900A6C841 /* Debug */,
				F7056F30283A96B900A6C841 /* Release */,
			);
			defaultConfigurationIsVisible = 0;
			defaultConfigurationName = Release;
		};
		F7056F31283A96B900A6C841 /* Build configuration list for PBXNativeTarget "noondateLiveUITests" */ = {
			isa = XCConfigurationList;
			buildConfigurations = (
				F7056F32283A96B900A6C841 /* Debug */,
				F7056F33283A96B900A6C841 /* Release */,
			);
			defaultConfigurationIsVisible = 0;
			defaultConfigurationName = Release;
		};
/* End XCConfigurationList section */
	};
	rootObject = F7056EF9283A96B700A6C841 /* Project object */;
}
